{
  "requires": true,
  "lockfileVersion": 1,
  "dependencies": {
    "react-loading": {
      "version": "1.0.3",
      "resolved": "https://registry.npmjs.org/react-loading/-/react-loading-1.0.3.tgz",
      "integrity": "sha512-+9GTSgyw59+PWYgfiPGCb0/d2PAH1VcoQbECugZthmG7lC5Pqm4Tuv6Xq10ozPaJyJu0XgrtWhBiU0DR8rmx0Q=="
    }
  }
}
